
Microsoft Visual Studio Solution File, Format Version 12.00
# Visual Studio Version 17
VisualStudioVersion = 17.0.32002.185
MinimumVisualStudioVersion = 10.0.40219.1
Project("{FAE04EC0-301F-11D3-BF4B-00C04F79EFBC}") = "Tarea 2.1", "Tarea 2.1\Tarea 2.1.csproj", "{FF70698D-2A57-4A38-AE93-6AFF83657976}"
EndProject
Global
	GlobalSection(SolutionConfigurationPlatforms) = preSolution
		Debug|Any CPU = Debug|Any CPU
		Release|Any CPU = Release|Any CPU
	EndGlobalSection
	GlobalSection(ProjectConfigurationPlatforms) = postSolution
		{FF70698D-2A57-4A38-AE93-6AFF83657976}.Debug|Any CPU.ActiveCfg = Debug|Any CPU
		{FF70698D-2A57-4A38-AE93-6AFF83657976}.Debug|Any CPU.Build.0 = Debug|Any CPU
		{FF70698D-2A57-4A38-AE93-6AFF83657976}.Release|Any CPU.ActiveCfg = Release|Any CPU
		{FF70698D-2A57-4A38-AE93-6AFF83657976}.Release|Any CPU.Build.0 = Release|Any CPU
	EndGlobalSection
	GlobalSection(SolutionProperties) = preSolution
		HideSolutionNode = FALSE
	EndGlobalSection
	GlobalSection(ExtensibilityGlobals) = postSolution
		SolutionGuid = {710FA65B-F026-4C20-94B3-E0313E4C36EE}
	EndGlobalSection
EndGlobal
